// !$*UTF8*$!
{
	archiveVersion = 1;
	classes = {
	};
	objectVersion = 46;
	objects = {

/* Begin PBXBuildFile section */
		9A7E9F1A1ADA131F00551FBD /* AppDelegate.swift in Sources */ = {isa = PBXBuildFile; fileRef = 9A7E9F191ADA131F00551FBD /* AppDelegate.swift */; };
		9A7E9F1C1ADA131F00551FBD /* ViewController.swift in Sources */ = {isa = PBXBuildFile; fileRef = 9A7E9F1B1ADA131F00551FBD /* ViewController.swift */; };
		9A7E9F1F1ADA131F00551FBD /* Main.storyboard in Resources */ = {isa = PBXBuildFile; fileRef = 9A7E9F1D1ADA131F00551FBD /* Main.storyboard */; };
		9A7E9F211ADA131F00551FBD /* Images.xcassets in Resources */ = {isa = PBXBuildFile; fileRef = 9A7E9F201ADA131F00551FBD /* Images.xcassets */; };
		9A7E9F241ADA132000551FBD /* LaunchScreen.xib in Resources */ = {isa = PBXBuildFile; fileRef = 9A7E9F221ADA132000551FBD /* LaunchScreen.xib */; };
		9A7E9F301ADA132000551FBD /* rails_api_with_tableviewTests.swift in Sources */ = {isa = PBXBuildFile; fileRef = 9A7E9F2F1ADA132000551FBD /* rails_api_with_tableviewTests.swift */; };
/* End PBXBuildFile section */

/* Begin PBXContainerItemProxy section */
		9A7E9F2A1ADA132000551FBD /* PBXContainerItemProxy */ = {
			isa = PBXContainerItemProxy;
			containerPortal = 9A7E9F0C1ADA131F00551FBD /* Project object */;
			proxyType = 1;
			remoteGlobalIDString = 9A7E9F131ADA131F00551FBD;
			remoteInfo = rails_api_with_tableview;
		};
/* End PBXContainerItemProxy section */

/* Begin PBXFileReference section */
		9A7E9F141ADA131F00551FBD /* rails_api_with_tableview.app */ = {isa = PBXFileReference; explicitFileType = wrapper.application; includeInIndex = 0; path = rails_api_with_tableview.app; sourceTree = BUILT_PRODUCTS_DIR; };
		9A7E9F181ADA131F00551FBD /* Info.plist */ = {isa = PBXFileReference; lastKnownFileType = text.plist.xml; path = Info.plist; sourceTree = "<group>"; };
		9A7E9F191ADA131F00551FBD /* AppDelegate.swift */ = {isa = PBXFileReference; lastKnownFileType = sourcecode.swift; path = AppDelegate.swift; sourceTree = "<group>"; };
		9A7E9F1B1ADA131F00551FBD /* ViewController.swift */ = {isa = PBXFileReference; lastKnownFileType = sourcecode.swift; path = ViewController.swift; sourceTree = "<group>"; };
		9A7E9F1E1ADA131F00551FBD /* Base */ = {isa = PBXFileReference; lastKnownFileType = file.storyboard; name = Base; path = Base.lproj/Main.storyboard; sourceTree = "<group>"; };
		9A7E9F201ADA131F00551FBD /* Images.xcassets */ = {isa = PBXFileReference; lastKnownFileType = folder.assetcatalog; path = Images.xcassets; sourceTree = "<group>"; };
		9A7E9F231ADA132000551FBD /* Base */ = {isa = PBXFileReference; lastKnownFileType = file.xib; name = Base; path = Base.lproj/LaunchScreen.xib; sourceTree = "<group>"; };
		9A7E9F291ADA132000551FBD /* rails_api_with_tableviewTests.xctest */ = {isa = PBXFileReference; explicitFileType = wrapper.cfbundle; includeInIndex = 0; path = rails_api_with_tableviewTests.xctest; sourceTree = BUILT_PRODUCTS_DIR; };
		9A7E9F2E1ADA132000551FBD /* Info.plist */ = {isa = PBXFileReference; lastKnownFileType = text.plist.xml; path = Info.plist; sourceTree = "<group>"; };
		9A7E9F2F1ADA132000551FBD /* rails_api_with_tableviewTests.swift */ = {isa = PBXFileReference; lastKnownFileType = sourcecode.swift; path = rails_api_with_tableviewTests.swift; sourceTree = "<group>"; };
/* End PBXFileReference section */

/* Begin PBXFrameworksBuildPhase section */
		9A7E9F111ADA131F00551FBD /* Frameworks */ = {
			isa = PBXFrameworksBuildPhase;
			buildActionMask = 2147483647;
			files = (
			);
			runOnlyForDeploymentPostprocessing = 0;
		};
		9A7E9F261ADA132000551FBD /* Frameworks */ = {
			isa = PBXFrameworksBuildPhase;
			buildActionMask = 2147483647;
			files = (
			);
			runOnlyForDeploymentPostprocessing = 0;
		};
/* End PBXFrameworksBuildPhase section */

/* Begin PBXGroup section */
		9A7E9F0B1ADA131F00551FBD = {
			isa = PBXGroup;
			children = (
				9A7E9F161ADA131F00551FBD /* rails_api_with_tableview */,
				9A7E9F2C1ADA132000551FBD /* rails_api_with_tableviewTests */,
				9A7E9F151ADA131F00551FBD /* Products */,
			);
			sourceTree = "<group>";
		};
		9A7E9F151ADA131F00551FBD /* Products */ = {
			isa = PBXGroup;
			children = (
				9A7E9F141ADA131F00551FBD /* rails_api_with_tableview.app */,
				9A7E9F291ADA132000551FBD /* rails_api_with_tableviewTests.xctest */,
			);
			name = Products;
			sourceTree = "<group>";
		};
		9A7E9F161ADA131F00551FBD /* rails_api_with_tableview */ = {
			isa = PBXGroup;
			children = (
				9A7E9F191ADA131F00551FBD /* AppDelegate.swift */,
				9A7E9F1B1ADA131F00551FBD /* ViewController.swift */,
				9A7E9F1D1ADA131F00551FBD /* Main.storyboard */,
				9A7E9F201ADA131F00551FBD /* Images.xcassets */,
				9A7E9F221ADA132000551FBD /* LaunchScreen.xib */,
				9A7E9F171ADA131F00551FBD /* Supporting Files */,
			);
			path = rails_api_with_tableview;
			sourceTree = "<group>";
		};
		9A7E9F171ADA131F00551FBD /* Supporting Files */ = {
			isa = PBXGroup;
			children = (
				9A7E9F181ADA131F00551FBD /* Info.plist */,
			);
			name = "Supporting Files";
			sourceTree = "<group>";
		};
		9A7E9F2C1ADA132000551FBD /* rails_api_with_tableviewTests */ = {
			isa = PBXGroup;
			children = (
				9A7E9F2F1ADA132000551FBD /* rails_api_with_tableviewTests.swift */,
				9A7E9F2D1ADA132000551FBD /* Supporting Files */,
			);
			path = rails_api_with_tableviewTests;
			sourceTree = "<group>";
		};
		9A7E9F2D1ADA132000551FBD /* Supporting Files */ = {
			isa = PBXGroup;
			children = (
				9A7E9F2E1ADA132000551FBD /* Info.plist */,
			);
			name = "Supporting Files";
			sourceTree = "<group>";
		};
/* End PBXGroup section */

/* Begin PBXNativeTarget section */
		9A7E9F131ADA131F00551FBD /* rails_api_with_tableview */ = {
			isa = PBXNativeTarget;
			buildConfigurationList = 9A7E9F331ADA132000551FBD /* Build configuration list for PBXNativeTarget "rails_api_with_tableview" */;
			buildPhases = (
				9A7E9F101ADA131F00551FBD /* Sources */,
				9A7E9F111ADA131F00551FBD /* Frameworks */,
				9A7E9F121ADA131F00551FBD /* Resources */,
			);
			buildRules = (
			);
			dependencies = (
			);
			name = rails_api_with_tableview;
			productName = rails_api_with_tableview;
			productReference = 9A7E9F141ADA131F00551FBD /* rails_api_with_tableview.app */;
			productType = "com.apple.product-type.application";
		};
		9A7E9F281ADA132000551FBD /* rails_api_with_tableviewTests */ = {
			isa = PBXNativeTarget;
			buildConfigurationList = 9A7E9F361ADA132000551FBD /* Build configuration list for PBXNativeTarget "rails_api_with_tableviewTests" */;
			buildPhases = (
				9A7E9F251ADA132000551FBD /* Sources */,
				9A7E9F261ADA132000551FBD /* Frameworks */,
				9A7E9F271ADA132000551FBD /* Resources */,
			);
			buildRules = (
			);
			dependencies = (
				9A7E9F2B1ADA132000551FBD /* PBXTargetDependency */,
			);
			name = rails_api_with_tableviewTests;
			productName = rails_api_with_tableviewTests;
			productReference = 9A7E9F291ADA132000551FBD /* rails_api_with_tableviewTests.xctest */;
			productType = "com.apple.product-type.bundle.unit-test";
		};
/* End PBXNativeTarget section */

/* Begin PBXProject section */
		9A7E9F0C1ADA131F00551FBD /* Project object */ = {
			isa = PBXProject;
			attributes = {
				LastUpgradeCheck = 0620;
				ORGANIZATIONNAME = "有村 琢磨";
				TargetAttributes = {
					9A7E9F131ADA131F00551FBD = {
						CreatedOnToolsVersion = 6.2;
					};
					9A7E9F281ADA132000551FBD = {
						CreatedOnToolsVersion = 6.2;
						TestTargetID = 9A7E9F131ADA131F00551FBD;
					};
				};
			};
			buildConfigurationList = 9A7E9F0F1ADA131F00551FBD /* Build configuration list for PBXProject "rails_api_with_tableview" */;
			compatibilityVersion = "Xcode 3.2";
			developmentRegion = English;
			hasScannedForEncodings = 0;
			knownRegions = (
				en,
				Base,
			);
			mainGroup = 9A7E9F0B1ADA131F00551FBD;
			productRefGroup = 9A7E9F151ADA131F00551FBD /* Products */;
			projectDirPath = "";
			projectRoot = "";
			targets = (
				9A7E9F131ADA131F00551FBD /* rails_api_with_tableview */,
				9A7E9F281ADA132000551FBD /* rails_api_with_tableviewTests */,
			);
		};
/* End PBXProject section */

/* Begin PBXResourcesBuildPhase section */
		9A7E9F121ADA131F00551FBD /* Resources */ = {
			isa = PBXResourcesBuildPhase;
			buildActionMask = 2147483647;
			files = (
				9A7E9F1F1ADA131F00551FBD /* Main.storyboard in Resources */,
				9A7E9F241ADA132000551FBD /* LaunchScreen.xib in Resources */,
				9A7E9F211ADA131F00551FBD /* Images.xcassets in Resources */,
			);
			runOnlyForDeploymentPostprocessing = 0;
		};
		9A7E9F271ADA132000551FBD /* Resources */ = {
			isa = PBXResourcesBuildPhase;
			buildActionMask = 2147483647;
			files = (
			);
			runOnlyForDeploymentPostprocessing = 0;
		};
/* End PBXResourcesBuildPhase section */

/* Begin PBXSourcesBuildPhase section */
		9A7E9F101ADA131F00551FBD /* Sources */ = {
			isa = PBXSourcesBuildPhase;
			buildActionMask = 2147483647;
			files = (
				9A7E9F1C1ADA131F00551FBD /* ViewController.swift in Sources */,
				9A7E9F1A1ADA131F00551FBD /* AppDelegate.swift in Sources */,
			);
			runOnlyForDeploymentPostprocessing = 0;
		};
		9A7E9F251ADA132000551FBD /* Sources */ = {
			isa = PBXSourcesBuildPhase;
			buildActionMask = 2147483647;
			files = (
				9A7E9F301ADA132000551FBD /* rails_api_with_tableviewTests.swift in Sources */,
			);
			runOnlyForDeploymentPostprocessing = 0;
		};
/* End PBXSourcesBuildPhase section */

/* Begin PBXTargetDependency section */
		9A7E9F2B1ADA132000551FBD /* PBXTargetDependency */ = {
			isa = PBXTargetDependency;
			target = 9A7E9F131ADA131F00551FBD /* rails_api_with_tableview */;
			targetProxy = 9A7E9F2A1ADA132000551FBD /* PBXContainerItemProxy */;
		};
/* End PBXTargetDependency section */

/* Begin PBXVariantGroup section */
		9A7E9F1D1ADA131F00551FBD /* Main.storyboard */ = {
			isa = PBXVariantGroup;
			children = (
				9A7E9F1E1ADA131F00551FBD /* Base */,
			);
			name = Main.storyboard;
			sourceTree = "<group>";
		};
		9A7E9F221ADA132000551FBD /* LaunchScreen.xib */ = {
			isa = PBXVariantGroup;
			children = (
				9A7E9F231ADA132000551FBD /* Base */,
			);
			name = LaunchScreen.xib;
			sourceTree = "<group>";
		};
/* End PBXVariantGroup section */

/* Begin XCBuildConfiguration section */
		9A7E9F311ADA132000551FBD /* Debug */ = {
			isa = XCBuildConfiguration;
			buildSettings = {
				ALWAYS_SEARCH_USER_PATHS = NO;
				CLANG_CXX_LANGUAGE_STANDARD = "gnu++0x";
				CLANG_CXX_LIBRARY = "libc++";
				CLANG_ENABLE_MODULES = YES;
				CLANG_ENABLE_OBJC_ARC = YES;
				CLANG_WARN_BOOL_CONVERSION = YES;
				CLANG_WARN_CONSTANT_CONVERSION = YES;
				CLANG_WARN_DIRECT_OBJC_ISA_USAGE = YES_ERROR;
				CLANG_WARN_EMPTY_BODY = YES;
				CLANG_WARN_ENUM_CONVERSION = YES;
				CLANG_WARN_INT_CONVERSION = YES;
				CLANG_WARN_OBJC_ROOT_CLASS = YES_ERROR;
				CLANG_WARN_UNREACHABLE_CODE = YES;
				CLANG_WARN__DUPLICATE_METHOD_MATCH = YES;
				"CODE_SIGN_IDENTITY[sdk=iphoneos*]" = "iPhone Developer";
				COPY_PHASE_STRIP = NO;
				ENABLE_STRICT_OBJC_MSGSEND = YES;
				GCC_C_LANGUAGE_STANDARD = gnu99;
				GCC_DYNAMIC_NO_PIC = NO;
				GCC_OPTIMIZATION_LEVEL = 0;
				GCC_PREPROCESSOR_DEFINITIONS = (
					"DEBUG=1",
					"$(inherited)",
				);
				GCC_SYMBOLS_PRIVATE_EXTERN = NO;
				GCC_WARN_64_TO_32_BIT_CONVERSION = YES;
				GCC_WARN_ABOUT_RETURN_TYPE = YES_ERROR;
				GCC_WARN_UNDECLARED_SELECTOR = YES;
				GCC_WARN_UNINITIALIZED_AUTOS = YES_AGGRESSIVE;
				GCC_WARN_UNUSED_FUNCTION = YES;
				GCC_WARN_UNUSED_VARIABLE = YES;
				IPHONEOS_DEPLOYMENT_TARGET = 8.2;
				MTL_ENABLE_DEBUG_INFO = YES;
				ONLY_ACTIVE_ARCH = YES;
				SDKROOT = iphoneos;
				SWIFT_OPTIMIZATION_LEVEL = "-Onone";
			};
			name = Debug;
		};
		9A7E9F321ADA132000551FBD /* Release */ = {
			isa = XCBuildConfiguration;
			buildSettings = {
				ALWAYS_SEARCH_USER_PATHS = NO;
				CLANG_CXX_LANGUAGE_STANDARD = "gnu++0x";
				CLANG_CXX_LIBRARY = "libc++";
				CLANG_ENABLE_MODULES = YES;
				CLANG_ENABLE_OBJC_ARC = YES;
				CLANG_WARN_BOOL_CONVERSION = YES;
				CLANG_WARN_CONSTANT_CONVERSION = YES;
				CLANG_WARN_DIRECT_OBJC_ISA_USAGE = YES_ERROR;
				CLANG_WARN_EMPTY_BODY = YES;
				CLANG_WARN_ENUM_CONVERSION = YES;
				CLANG_WARN_INT_CONVERSION = YES;
				CLANG_WARN_OBJC_ROOT_CLASS = YES_ERROR;
				CLANG_WARN_UNREACHABLE_CODE = YES;
				CLANG_WARN__DUPLICATE_METHOD_MATCH = YES;
				"CODE_SIGN_IDENTITY[sdk=iphoneos*]" = "iPhone Developer";
				COPY_PHASE_STRIP = NO;
				ENABLE_NS_ASSERTIONS = NO;
				ENABLE_STRICT_OBJC_MSGSEND = YES;
				GCC_C_LANGUAGE_STANDARD = gnu99;
				GCC_WARN_64_TO_32_BIT_CONVERSION = YES;
				GCC_WARN_ABOUT_RETURN_TYPE = YES_ERROR;
				GCC_WARN_UNDECLARED_SELECTOR = YES;
				GCC_WARN_UNINITIALIZED_AUTOS = YES_AGGRESSIVE;
				GCC_WARN_UNUSED_FUNCTION = YES;
				GCC_WARN_UNUSED_VARIABLE = YES;
				IPHONEOS_DEPLOYMENT_TARGET = 8.2;
				MTL_ENABLE_DEBUG_INFO = NO;
				SDKROOT = iphoneos;
				VALIDATE_PRODUCT = YES;
			};
			name = Release;
		};
		9A7E9F341ADA132000551FBD /* Debug */ = {
			isa = XCBuildConfiguration;
			buildSettings = {
				ASSETCATALOG_COMPILER_APPICON_NAME = AppIcon;
				INFOPLIST_FILE = rails_api_with_tableview/Info.plist;
				LD_RUNPATH_SEARCH_PATHS = "$(inherited) @executable_path/Frameworks";
				PRODUCT_NAME = "$(TARGET_NAME)";
			};
			name = Debug;
		};
		9A7E9F351ADA132000551FBD /* Release */ = {
			isa = XCBuildConfiguration;
			buildSettings = {
				ASSETCATALOG_COMPILER_APPICON_NAME = AppIcon;
				INFOPLIST_FILE = rails_api_with_tableview/Info.plist;
				LD_RUNPATH_SEARCH_PATHS = "$(inherited) @executable_path/Frameworks";
				PRODUCT_NAME = "$(TARGET_NAME)";
			};
			name = Release;
		};
		9A7E9F371ADA132000551FBD /* Debug */ = {
			isa = XCBuildConfiguration;
			buildSettings = {
				BUNDLE_LOADER = "$(TEST_HOST)";
				FRAMEWORK_SEARCH_PATHS = (
					"$(SDKROOT)/Developer/Library/Frameworks",
					"$(inherited)",
				);
				GCC_PREPROCESSOR_DEFINITIONS = (
					"DEBUG=1",
					"$(inherited)",
				);
				INFOPLIST_FILE = rails_api_with_tableviewTests/Info.plist;
				LD_RUNPATH_SEARCH_PATHS = "$(inherited) @executable_path/Frameworks @loader_path/Frameworks";
				PRODUCT_NAME = "$(TARGET_NAME)";
				TEST_HOST = "$(BUILT_PRODUCTS_DIR)/rails_api_with_tableview.app/rails_api_with_tableview";
			};
			name = Debug;
		};
		9A7E9F381ADA132000551FBD /* Release */ = {
			isa = XCBuildConfiguration;
			buildSettings = {
				BUNDLE_LOADER = "$(TEST_HOST)";
				FRAMEWORK_SEARCH_PATHS = (
					"$(SDKROOT)/Developer/Library/Frameworks",
					"$(inherited)",
				);
				INFOPLIST_FILE = rails_api_with_tableviewTests/Info.plist;
				LD_RUNPATH_SEARCH_PATHS = "$(inherited) @executable_path/Frameworks @loader_path/Frameworks";
				PRODUCT_NAME = "$(TARGET_NAME)";
				TEST_HOST = "$(BUILT_PRODUCTS_DIR)/rails_api_with_tableview.app/rails_api_with_tableview";
			};
			name = Release;
		};
/* End XCBuildConfiguration section */

/* Begin XCConfigurationList section */
		9A7E9F0F1ADA131F00551FBD /* Build configuration list for PBXProject "rails_api_with_tableview" */ = {
			isa = XCConfigurationList;
			buildConfigurations = (
				9A7E9F311ADA132000551FBD /* Debug */,
				9A7E9F321ADA132000551FBD /* Release */,
			);
			defaultConfigurationIsVisible = 0;
			defaultConfigurationName = Release;
		};
		9A7E9F331ADA132000551FBD /* Build configuration list for PBXNativeTarget "rails_api_with_tableview" */ = {
			isa = XCConfigurationList;
			buildConfigurations = (
				9A7E9F341ADA132000551FBD /* Debug */,
				9A7E9F351ADA132000551FBD /* Release */,
			);
			defaultConfigurationIsVisible = 0;
		};
		9A7E9F361ADA132000551FBD /* Build configuration list for PBXNativeTarget "rails_api_with_tableviewTests" */ = {
			isa = XCConfigurationList;
			buildConfigurations = (
				9A7E9F371ADA132000551FBD /* Debug */,
				9A7E9F381ADA132000551FBD /* Release */,
			);
			defaultConfigurationIsVisible = 0;
		};
/* End XCConfigurationList section */
	};
	rootObject = 9A7E9F0C1ADA131F00551FBD /* Project object */;
}
